
Microsoft Visual Studio Solution File, Format Version 11.00
# Visual C# Express 2010
Project("{FAE04EC0-301F-11D3-BF4B-00C04F79EFBC}") = "HockeyBot", "src\SportsStreamsBot\HockeyBot.csproj", "{65E531E8-CB6C-41B9-8E17-C85891485A6D}"
EndProject
Global
	GlobalSection(SolutionConfigurationPlatforms) = preSolution
		Debug|x86 = Debug|x86
		Release|x86 = Release|x86
	EndGlobalSection
	GlobalSection(ProjectConfigurationPlatforms) = postSolution
		{65E531E8-CB6C-41B9-8E17-C85891485A6D}.Debug|x86.ActiveCfg = Debug|x86
		{65E531E8-CB6C-41B9-8E17-C85891485A6D}.Debug|x86.Build.0 = Debug|x86
		{65E531E8-CB6C-41B9-8E17-C85891485A6D}.Release|x86.ActiveCfg = Release|x86
		{65E531E8-CB6C-41B9-8E17-C85891485A6D}.Release|x86.Build.0 = Release|x86
	EndGlobalSection
	GlobalSection(SolutionProperties) = preSolution
		HideSolutionNode = FALSE
	EndGlobalSection
EndGlobal
